// !$*UTF8*$!
{
	archiveVersion = 1;
	classes = {
	};
	objectVersion = 46;
	objects = {

/* Begin PBXBuildFile section */
		93642E2D1DBD24C200AB1293 /* main.m in Sources */ = {isa = PBXBuildFile; fileRef = 93642E2C1DBD24C200AB1293 /* main.m */; };
		93642E301DBD24C200AB1293 /* AppDelegate.m in Sources */ = {isa = PBXBuildFile; fileRef = 93642E2F1DBD24C200AB1293 /* AppDelegate.m */; };
		93642E331DBD24C200AB1293 /* ViewController.m in Sources */ = {isa = PBXBuildFile; fileRef = 93642E321DBD24C200AB1293 /* ViewController.m */; };
		93642E361DBD24C200AB1293 /* Main.storyboard in Resources */ = {isa = PBXBuildFile; fileRef = 93642E341DBD24C200AB1293 /* Main.storyboard */; };
		93642E381DBD24C200AB1293 /* Assets.xcassets in Resources */ = {isa = PBXBuildFile; fileRef = 93642E371DBD24C200AB1293 /* Assets.xcassets */; };
		93642E3B1DBD24C200AB1293 /* LaunchScreen.storyboard in Resources */ = {isa = PBXBuildFile; fileRef = 93642E391DBD24C200AB1293 /* LaunchScreen.storyboard */; };
		93642E431DBD24D100AB1293 /* MapKit.framework in Frameworks */ = {isa = PBXBuildFile; fileRef = 93642E421DBD24D100AB1293 /* MapKit.framework */; };
		93642E451DBD24DB00AB1293 /* CoreLocation.framework in Frameworks */ = {isa = PBXBuildFile; fileRef = 93642E441DBD24DB00AB1293 /* CoreLocation.framework */; };
/* End PBXBuildFile section */

/* Begin PBXFileReference section */
		93642E281DBD24C200AB1293 /* DPWhereIAm.app */ = {isa = PBXFileReference; explicitFileType = wrapper.application; includeInIndex = 0; path = DPWhereIAm.app; sourceTree = BUILT_PRODUCTS_DIR; };
		93642E2C1DBD24C200AB1293 /* main.m */ = {isa = PBXFileReference; lastKnownFileType = sourcecode.c.objc; path = main.m; sourceTree = "<group>"; };
		93642E2E1DBD24C200AB1293 /* AppDelegate.h */ = {isa = PBXFileReference; lastKnownFileType = sourcecode.c.h; path = AppDelegate.h; sourceTree = "<group>"; };
		93642E2F1DBD24C200AB1293 /* AppDelegate.m */ = {isa = PBXFileReference; lastKnownFileType = sourcecode.c.objc; path = AppDelegate.m; sourceTree = "<group>"; };
		93642E311DBD24C200AB1293 /* ViewController.h */ = {isa = PBXFileReference; lastKnownFileType = sourcecode.c.h; path = ViewController.h; sourceTree = "<group>"; };
		93642E321DBD24C200AB1293 /* ViewController.m */ = {isa = PBXFileReference; lastKnownFileType = sourcecode.c.objc; path = ViewController.m; sourceTree = "<group>"; };
		93642E351DBD24C200AB1293 /* Base */ = {isa = PBXFileReference; lastKnownFileType = file.storyboard; name = Base; path = Base.lproj/Main.storyboard; sourceTree = "<group>"; };
		93642E371DBD24C200AB1293 /* Assets.xcassets */ = {isa = PBXFileReference; lastKnownFileType = folder.assetcatalog; path = Assets.xcassets; sourceTree = "<group>"; };
		93642E3A1DBD24C200AB1293 /* Base */ = {isa = PBXFileReference; lastKnownFileType = file.storyboard; name = Base; path = Base.lproj/LaunchScreen.storyboard; sourceTree = "<group>"; };
		93642E3C1DBD24C200AB1293 /* Info.plist */ = {isa = PBXFileReference; lastKnownFileType = text.plist.xml; path = Info.plist; sourceTree = "<group>"; };
		93642E421DBD24D100AB1293 /* MapKit.framework */ = {isa = PBXFileReference; lastKnownFileType = wrapper.framework; name = MapKit.framework; path = System/Library/Frameworks/MapKit.framework; sourceTree = SDKROOT; };
		93642E441DBD24DB00AB1293 /* CoreLocation.framework */ = {isa = PBXFileReference; lastKnownFileType = wrapper.framework; name = CoreLocation.framework; path = System/Library/Frameworks/CoreLocation.framework; sourceTree = SDKROOT; };
/* End PBXFileReference section */

/* Begin PBXFrameworksBuildPhase section */
		93642E251DBD24C200AB1293 /* Frameworks */ = {
			isa = PBXFrameworksBuildPhase;
			buildActionMask = 2147483647;
			files = (
				93642E451DBD24DB00AB1293 /* CoreLocation.framework in Frameworks */,
				93642E431DBD24D100AB1293 /* MapKit.framework in Frameworks */,
			);
			runOnlyForDeploymentPostprocessing = 0;
		};
/* End PBXFrameworksBuildPhase section */

/* Begin PBXGroup section */
		93642E1F1DBD24C200AB1293 = {
			isa = PBXGroup;
			children = (
				93642E441DBD24DB00AB1293 /* CoreLocation.framework */,
				93642E421DBD24D100AB1293 /* MapKit.framework */,
				93642E2A1DBD24C200AB1293 /* DPWhereIAm */,
				93642E291DBD24C200AB1293 /* Products */,
			);
			sourceTree = "<group>";
		};
		93642E291DBD24C200AB1293 /* Products */ = {
			isa = PBXGroup;
			children = (
				93642E281DBD24C200AB1293 /* DPWhereIAm.app */,
			);
			name = Products;
			sourceTree = "<group>";
		};
		93642E2A1DBD24C200AB1293 /* DPWhereIAm */ = {
			isa = PBXGroup;
			children = (
				93642E2E1DBD24C200AB1293 /* AppDelegate.h */,
				93642E2F1DBD24C200AB1293 /* AppDelegate.m */,
				93642E311DBD24C200AB1293 /* ViewController.h */,
				93642E321DBD24C200AB1293 /* ViewController.m */,
				93642E341DBD24C200AB1293 /* Main.storyboard */,
				93642E371DBD24C200AB1293 /* Assets.xcassets */,
				93642E391DBD24C200AB1293 /* LaunchScreen.storyboard */,
				93642E3C1DBD24C200AB1293 /* Info.plist */,
				93642E2B1DBD24C200AB1293 /* Supporting Files */,
			);
			path = DPWhereIAm;
			sourceTree = "<group>";
		};
		93642E2B1DBD24C200AB1293 /* Supporting Files */ = {
			isa = PBXGroup;
			children = (
				93642E2C1DBD24C200AB1293 /* main.m */,
			);
			name = "Supporting Files";
			sourceTree = "<group>";
		};
/* End PBXGroup section */

/* Begin PBXNativeTarget section */
		93642E271DBD24C200AB1293 /* DPWhereIAm */ = {
			isa = PBXNativeTarget;
			buildConfigurationList = 93642E3F1DBD24C200AB1293 /* Build configuration list for PBXNativeTarget "DPWhereIAm" */;
			buildPhases = (
				93642E241DBD24C200AB1293 /* Sources */,
				93642E251DBD24C200AB1293 /* Frameworks */,
				93642E261DBD24C200AB1293 /* Resources */,
			);
			buildRules = (
			);
			dependencies = (
			);
			name = DPWhereIAm;
			productName = DPWhereIAm;
			productReference = 93642E281DBD24C200AB1293 /* DPWhereIAm.app */;
			productType = "com.apple.product-type.application";
		};
/* End PBXNativeTarget section */

/* Begin PBXProject section */
		93642E201DBD24C200AB1293 /* Project object */ = {
			isa = PBXProject;
			attributes = {
				LastUpgradeCheck = 0730;
				ORGANIZATIONNAME = "Divya Patil";
				TargetAttributes = {
					93642E271DBD24C200AB1293 = {
						CreatedOnToolsVersion = 7.3.1;
					};
				};
			};
			buildConfigurationList = 93642E231DBD24C200AB1293 /* Build configuration list for PBXProject "DPWhereIAm" */;
			compatibilityVersion = "Xcode 3.2";
			developmentRegion = English;
			hasScannedForEncodings = 0;
			knownRegions = (
				en,
				Base,
			);
			mainGroup = 93642E1F1DBD24C200AB1293;
			productRefGroup = 93642E291DBD24C200AB1293 /* Products */;
			projectDirPath = "";
			projectRoot = "";
			targets = (
				93642E271DBD24C200AB1293 /* DPWhereIAm */,
			);
		};
/* End PBXProject section */

/* Begin PBXResourcesBuildPhase section */
		93642E261DBD24C200AB1293 /* Resources */ = {
			isa = PBXResourcesBuildPhase;
			buildActionMask = 2147483647;
			files = (
				93642E3B1DBD24C200AB1293 /* LaunchScreen.storyboard in Resources */,
				93642E381DBD24C200AB1293 /* Assets.xcassets in Resources */,
				93642E361DBD24C200AB1293 /* Main.storyboard in Resources */,
			);
			runOnlyForDeploymentPostprocessing = 0;
		};
/* End PBXResourcesBuildPhase section */

/* Begin PBXSourcesBuildPhase section */
		93642E241DBD24C200AB1293 /* Sources */ = {
			isa = PBXSourcesBuildPhase;
			buildActionMask = 2147483647;
			files = (
				93642E331DBD24C200AB1293 /* ViewController.m in Sources */,
				93642E301DBD24C200AB1293 /* AppDelegate.m in Sources */,
				93642E2D1DBD24C200AB1293 /* main.m in Sources */,
			);
			runOnlyForDeploymentPostprocessing = 0;
		};
/* End PBXSourcesBuildPhase section */

/* Begin PBXVariantGroup section */
		93642E341DBD24C200AB1293 /* Main.storyboard */ = {
			isa = PBXVariantGroup;
			children = (
				93642E351DBD24C200AB1293 /* Base */,
			);
			name = Main.storyboard;
			sourceTree = "<group>";
		};
		93642E391DBD24C200AB1293 /* LaunchScreen.storyboard */ = {
			isa = PBXVariantGroup;
			children = (
				93642E3A1DBD24C200AB1293 /* Base */,
			);
			name = LaunchScreen.storyboard;
			sourceTree = "<group>";
		};
/* End PBXVariantGroup section */

/* Begin XCBuildConfiguration section */
		93642E3D1DBD24C200AB1293 /* Debug */ = {
			isa = XCBuildConfiguration;
			buildSettings = {
				ALWAYS_SEARCH_USER_PATHS = NO;
				CLANG_ANALYZER_NONNULL = YES;
				CLANG_CXX_LANGUAGE_STANDARD = "gnu++0x";
				CLANG_CXX_LIBRARY = "libc++";
				CLANG_ENABLE_MODULES = YES;
				CLANG_ENABLE_OBJC_ARC = YES;
				CLANG_WARN_BOOL_CONVERSION = YES;
				CLANG_WARN_CONSTANT_CONVERSION = YES;
				CLANG_WARN_DIRECT_OBJC_ISA_USAGE = YES_ERROR;
				CLANG_WARN_EMPTY_BODY = YES;
				CLANG_WARN_ENUM_CONVERSION = YES;
				CLANG_WARN_INT_CONVERSION = YES;
				CLANG_WARN_OBJC_ROOT_CLASS = YES_ERROR;
				CLANG_WARN_UNREACHABLE_CODE = YES;
				CLANG_WARN__DUPLICATE_METHOD_MATCH = YES;
				"CODE_SIGN_IDENTITY[sdk=iphoneos*]" = "iPhone Developer";
				COPY_PHASE_STRIP = NO;
				DEBUG_INFORMATION_FORMAT = dwarf;
				ENABLE_STRICT_OBJC_MSGSEND = YES;
				ENABLE_TESTABILITY = YES;
				GCC_C_LANGUAGE_STANDARD = gnu99;
				GCC_DYNAMIC_NO_PIC = NO;
				GCC_NO_COMMON_BLOCKS = YES;
				GCC_OPTIMIZATION_LEVEL = 0;
				GCC_PREPROCESSOR_DEFINITIONS = (
					"DEBUG=1",
					"$(inherited)",
				);
				GCC_WARN_64_TO_32_BIT_CONVERSION = YES;
				GCC_WARN_ABOUT_RETURN_TYPE = YES_ERROR;
				GCC_WARN_UNDECLARED_SELECTOR = YES;
				GCC_WARN_UNINITIALIZED_AUTOS = YES_AGGRESSIVE;
				GCC_WARN_UNUSED_FUNCTION = YES;
				GCC_WARN_UNUSED_VARIABLE = YES;
				IPHONEOS_DEPLOYMENT_TARGET = 9.3;
				MTL_ENABLE_DEBUG_INFO = YES;
				ONLY_ACTIVE_ARCH = YES;
				SDKROOT = iphoneos;
				TARGETED_DEVICE_FAMILY = "1,2";
			};
			name = Debug;
		};
		93642E3E1DBD24C200AB1293 /* Release */ = {
			isa = XCBuildConfiguration;
			buildSettings = {
				ALWAYS_SEARCH_USER_PATHS = NO;
				CLANG_ANALYZER_NONNULL = YES;
				CLANG_CXX_LANGUAGE_STANDARD = "gnu++0x";
				CLANG_CXX_LIBRARY = "libc++";
				CLANG_ENABLE_MODULES = YES;
				CLANG_ENABLE_OBJC_ARC = YES;
				CLANG_WARN_BOOL_CONVERSION = YES;
				CLANG_WARN_CONSTANT_CONVERSION = YES;
				CLANG_WARN_DIRECT_OBJC_ISA_USAGE = YES_ERROR;
				CLANG_WARN_EMPTY_BODY = YES;
				CLANG_WARN_ENUM_CONVERSION = YES;
				CLANG_WARN_INT_CONVERSION = YES;
				CLANG_WARN_OBJC_ROOT_CLASS = YES_ERROR;
				CLANG_WARN_UNREACHABLE_CODE = YES;
				CLANG_WARN__DUPLICATE_METHOD_MATCH = YES;
				"CODE_SIGN_IDENTITY[sdk=iphoneos*]" = "iPhone Developer";
				COPY_PHASE_STRIP = NO;
				DEBUG_INFORMATION_FORMAT = "dwarf-with-dsym";
				ENABLE_NS_ASSERTIONS = NO;
				ENABLE_STRICT_OBJC_MSGSEND = YES;
				GCC_C_LANGUAGE_STANDARD = gnu99;
				GCC_NO_COMMON_BLOCKS = YES;
				GCC_WARN_64_TO_32_BIT_CONVERSION = YES;
				GCC_WARN_ABOUT_RETURN_TYPE = YES_ERROR;
				GCC_WARN_UNDECLARED_SELECTOR = YES;
				GCC_WARN_UNINITIALIZED_AUTOS = YES_AGGRESSIVE;
				GCC_WARN_UNUSED_FUNCTION = YES;
				GCC_WARN_UNUSED_VARIABLE = YES;
				IPHONEOS_DEPLOYMENT_TARGET = 9.3;
				MTL_ENABLE_DEBUG_INFO = NO;
				SDKROOT = iphoneos;
				TARGETED_DEVICE_FAMILY = "1,2";
				VALIDATE_PRODUCT = YES;
			};
			name = Release;
		};
		93642E401DBD24C200AB1293 /* Debug */ = {
			isa = XCBuildConfiguration;
			buildSettings = {
				ASSETCATALOG_COMPILER_APPICON_NAME = AppIcon;
				INFOPLIST_FILE = DPWhereIAm/Info.plist;
				LD_RUNPATH_SEARCH_PATHS = "$(inherited) @executable_path/Frameworks";
				PRODUCT_BUNDLE_IDENTIFIER = com.divya.DPWhereIAm;
				PRODUCT_NAME = "$(TARGET_NAME)";
			};
			name = Debug;
		};
		93642E411DBD24C200AB1293 /* Release */ = {
			isa = XCBuildConfiguration;
			buildSettings = {
				ASSETCATALOG_COMPILER_APPICON_NAME = AppIcon;
				INFOPLIST_FILE = DPWhereIAm/Info.plist;
				LD_RUNPATH_SEARCH_PATHS = "$(inherited) @executable_path/Frameworks";
				PRODUCT_BUNDLE_IDENTIFIER = com.divya.DPWhereIAm;
				PRODUCT_NAME = "$(TARGET_NAME)";
			};
			name = Release;
		};
/* End XCBuildConfiguration section */

/* Begin XCConfigurationList section */
		93642E231DBD24C200AB1293 /* Build configuration list for PBXProject "DPWhereIAm" */ = {
			isa = XCConfigurationList;
			buildConfigurations = (
				93642E3D1DBD24C200AB1293 /* Debug */,
				93642E3E1DBD24C200AB1293 /* Release */,
			);
			defaultConfigurationIsVisible = 0;
			defaultConfigurationName = Release;
		};
		93642E3F1DBD24C200AB1293 /* Build configuration list for PBXNativeTarget "DPWhereIAm" */ = {
			isa = XCConfigurationList;
			buildConfigurations = (
				93642E401DBD24C200AB1293 /* Debug */,
				93642E411DBD24C200AB1293 /* Release */,
			);
			defaultConfigurationIsVisible = 0;
		};
/* End XCConfigurationList section */
	};
	rootObject = 93642E201DBD24C200AB1293 /* Project object */;
}
